// !$*UTF8*$!
{
	archiveVersion = 1;
	classes = {
	};
	objectVersion = 50;
	objects = {

/* Begin PBXBuildFile section */
		49AC1669252A9A0500897A05 /* AppDelegate.swift in Sources */ = {isa = PBXBuildFile; fileRef = 49AC1668252A9A0500897A05 /* AppDelegate.swift */; };
		49AC166B252A9A0500897A05 /* SceneDelegate.swift in Sources */ = {isa = PBXBuildFile; fileRef = 49AC166A252A9A0500897A05 /* SceneDelegate.swift */; };
		49AC166D252A9A0500897A05 /* ViewController.swift in Sources */ = {isa = PBXBuildFile; fileRef = 49AC166C252A9A0500897A05 /* ViewController.swift */; };
		49AC1670252A9A0500897A05 /* Main.storyboard in Resources */ = {isa = PBXBuildFile; fileRef = 49AC166E252A9A0500897A05 /* Main.storyboard */; };
		49AC1672252A9A0A00897A05 /* Assets.xcassets in Resources */ = {isa = PBXBuildFile; fileRef = 49AC1671252A9A0A00897A05 /* Assets.xcassets */; };
		49AC1675252A9A0A00897A05 /* LaunchScreen.storyboard in Resources */ = {isa = PBXBuildFile; fileRef = 49AC1673252A9A0A00897A05 /* LaunchScreen.storyboard */; };
		49AC167D252A9A2A00897A05 /* PersonService.swift in Sources */ = {isa = PBXBuildFile; fileRef = 49AC167C252A9A2A00897A05 /* PersonService.swift */; };
/* End PBXBuildFile section */

/* Begin PBXFileReference section */
		49AC1665252A9A0500897A05 /* SimpleHttpClient.app */ = {isa = PBXFileReference; explicitFileType = wrapper.application; includeInIndex = 0; path = SimpleHttpClient.app; sourceTree = BUILT_PRODUCTS_DIR; };
		49AC1668252A9A0500897A05 /* AppDelegate.swift */ = {isa = PBXFileReference; lastKnownFileType = sourcecode.swift; path = AppDelegate.swift; sourceTree = "<group>"; };
		49AC166A252A9A0500897A05 /* SceneDelegate.swift */ = {isa = PBXFileReference; lastKnownFileType = sourcecode.swift; path = SceneDelegate.swift; sourceTree = "<group>"; };
		49AC166C252A9A0500897A05 /* ViewController.swift */ = {isa = PBXFileReference; lastKnownFileType = sourcecode.swift; path = ViewController.swift; sourceTree = "<group>"; };
		49AC166F252A9A0500897A05 /* Base */ = {isa = PBXFileReference; lastKnownFileType = file.storyboard; name = Base; path = Base.lproj/Main.storyboard; sourceTree = "<group>"; };
		49AC1671252A9A0A00897A05 /* Assets.xcassets */ = {isa = PBXFileReference; lastKnownFileType = folder.assetcatalog; path = Assets.xcassets; sourceTree = "<group>"; };
		49AC1674252A9A0A00897A05 /* Base */ = {isa = PBXFileReference; lastKnownFileType = file.storyboard; name = Base; path = Base.lproj/LaunchScreen.storyboard; sourceTree = "<group>"; };
		49AC1676252A9A0A00897A05 /* Info.plist */ = {isa = PBXFileReference; lastKnownFileType = text.plist.xml; path = Info.plist; sourceTree = "<group>"; };
		49AC167C252A9A2A00897A05 /* PersonService.swift */ = {isa = PBXFileReference; lastKnownFileType = sourcecode.swift; path = PersonService.swift; sourceTree = "<group>"; };
/* End PBXFileReference section */

/* Begin PBXFrameworksBuildPhase section */
		49AC1662252A9A0500897A05 /* Frameworks */ = {
			isa = PBXFrameworksBuildPhase;
			buildActionMask = 2147483647;
			files = (
			);
			runOnlyForDeploymentPostprocessing = 0;
		};
/* End PBXFrameworksBuildPhase section */

/* Begin PBXGroup section */
		49AC165C252A9A0500897A05 = {
			isa = PBXGroup;
			children = (
				49AC1667252A9A0500897A05 /* SimpleHttpClient */,
				49AC1666252A9A0500897A05 /* Products */,
			);
			sourceTree = "<group>";
		};
		49AC1666252A9A0500897A05 /* Products */ = {
			isa = PBXGroup;
			children = (
				49AC1665252A9A0500897A05 /* SimpleHttpClient.app */,
			);
			name = Products;
			sourceTree = "<group>";
		};
		49AC1667252A9A0500897A05 /* SimpleHttpClient */ = {
			isa = PBXGroup;
			children = (
				49AC1668252A9A0500897A05 /* AppDelegate.swift */,
				49AC166A252A9A0500897A05 /* SceneDelegate.swift */,
				49AC166C252A9A0500897A05 /* ViewController.swift */,
				49AC166E252A9A0500897A05 /* Main.storyboard */,
				49AC1671252A9A0A00897A05 /* Assets.xcassets */,
				49AC1673252A9A0A00897A05 /* LaunchScreen.storyboard */,
				49AC1676252A9A0A00897A05 /* Info.plist */,
				49AC167C252A9A2A00897A05 /* PersonService.swift */,
			);
			path = SimpleHttpClient;
			sourceTree = "<group>";
		};
/* End PBXGroup section */

/* Begin PBXNativeTarget section */
		49AC1664252A9A0500897A05 /* SimpleHttpClient */ = {
			isa = PBXNativeTarget;
			buildConfigurationList = 49AC1679252A9A0A00897A05 /* Build configuration list for PBXNativeTarget "SimpleHttpClient" */;
			buildPhases = (
				49AC1661252A9A0500897A05 /* Sources */,
				49AC1662252A9A0500897A05 /* Frameworks */,
				49AC1663252A9A0500897A05 /* Resources */,
			);
			buildRules = (
			);
			dependencies = (
			);
			name = SimpleHttpClient;
			productName = SimpleHttpClient;
			productReference = 49AC1665252A9A0500897A05 /* SimpleHttpClient.app */;
			productType = "com.apple.product-type.application";
		};
/* End PBXNativeTarget section */

/* Begin PBXProject section */
		49AC165D252A9A0500897A05 /* Project object */ = {
			isa = PBXProject;
			attributes = {
				LastSwiftUpdateCheck = 1200;
				LastUpgradeCheck = 1200;
				TargetAttributes = {
					49AC1664252A9A0500897A05 = {
						CreatedOnToolsVersion = 12.0;
					};
				};
			};
			buildConfigurationList = 49AC1660252A9A0500897A05 /* Build configuration list for PBXProject "SimpleHttpClient" */;
			compatibilityVersion = "Xcode 9.3";
			developmentRegion = en;
			hasScannedForEncodings = 0;
			knownRegions = (
				en,
				Base,
			);
			mainGroup = 49AC165C252A9A0500897A05;
			productRefGroup = 49AC1666252A9A0500897A05 /* Products */;
			projectDirPath = "";
			projectRoot = "";
			targets = (
				49AC1664252A9A0500897A05 /* SimpleHttpClient */,
			);
		};
/* End PBXProject section */

/* Begin PBXResourcesBuildPhase section */
		49AC1663252A9A0500897A05 /* Resources */ = {
			isa = PBXResourcesBuildPhase;
			buildActionMask = 2147483647;
			files = (
				49AC1675252A9A0A00897A05 /* LaunchScreen.storyboard in Resources */,
				49AC1672252A9A0A00897A05 /* Assets.xcassets in Resources */,
				49AC1670252A9A0500897A05 /* Main.storyboard in Resources */,
			);
			runOnlyForDeploymentPostprocessing = 0;
		};
/* End PBXResourcesBuildPhase section */

/* Begin PBXSourcesBuildPhase section */
		49AC1661252A9A0500897A05 /* Sources */ = {
			isa = PBXSourcesBuildPhase;
			buildActionMask = 2147483647;
			files = (
				49AC166D252A9A0500897A05 /* ViewController.swift in Sources */,
				49AC167D252A9A2A00897A05 /* PersonService.swift in Sources */,
				49AC1669252A9A0500897A05 /* AppDelegate.swift in Sources */,
				49AC166B252A9A0500897A05 /* SceneDelegate.swift in Sources */,
			);
			runOnlyForDeploymentPostprocessing = 0;
		};
/* End PBXSourcesBuildPhase section */

/* Begin PBXVariantGroup section */
		49AC166E252A9A0500897A05 /* Main.storyboard */ = {
			isa = PBXVariantGroup;
			children = (
				49AC166F252A9A0500897A05 /* Base */,
			);
			name = Main.storyboard;
			sourceTree = "<group>";
		};
		49AC1673252A9A0A00897A05 /* LaunchScreen.storyboard */ = {
			isa = PBXVariantGroup;
			children = (
				49AC1674252A9A0A00897A05 /* Base */,
			);
			name = LaunchScreen.storyboard;
			sourceTree = "<group>";
		};
/* End PBXVariantGroup section */

/* Begin XCBuildConfiguration section */
		49AC1677252A9A0A00897A05 /* Debug */ = {
			isa = XCBuildConfiguration;
			buildSettings = {
				ALWAYS_SEARCH_USER_PATHS = NO;
				CLANG_ANALYZER_NONNULL = YES;
				CLANG_ANALYZER_NUMBER_OBJECT_CONVERSION = YES_AGGRESSIVE;
				CLANG_CXX_LANGUAGE_STANDARD = "gnu++14";
				CLANG_CXX_LIBRARY = "libc++";
				CLANG_ENABLE_MODULES = YES;
				CLANG_ENABLE_OBJC_ARC = YES;
				CLANG_ENABLE_OBJC_WEAK = YES;
				CLANG_WARN_BLOCK_CAPTURE_AUTORELEASING = YES;
				CLANG_WARN_BOOL_CONVERSION = YES;
				CLANG_WARN_COMMA = YES;
				CLANG_WARN_CONSTANT_CONVERSION = YES;
				CLANG_WARN_DEPRECATED_OBJC_IMPLEMENTATIONS = YES;
				CLANG_WARN_DIRECT_OBJC_ISA_USAGE = YES_ERROR;
				CLANG_WARN_DOCUMENTATION_COMMENTS = YES;
				CLANG_WARN_EMPTY_BODY = YES;
				CLANG_WARN_ENUM_CONVERSION = YES;
				CLANG_WARN_INFINITE_RECURSION = YES;
				CLANG_WARN_INT_CONVERSION = YES;
				CLANG_WARN_NON_LITERAL_NULL_CONVERSION = YES;
				CLANG_WARN_OBJC_IMPLICIT_RETAIN_SELF = YES;
				CLANG_WARN_OBJC_LITERAL_CONVERSION = YES;
				CLANG_WARN_OBJC_ROOT_CLASS = YES_ERROR;
				CLANG_WARN_QUOTED_INCLUDE_IN_FRAMEWORK_HEADER = YES;
				CLANG_WARN_RANGE_LOOP_ANALYSIS = YES;
				CLANG_WARN_STRICT_PROTOTYPES = YES;
				CLANG_WARN_SUSPICIOUS_MOVE = YES;
				CLANG_WARN_UNGUARDED_AVAILABILITY = YES_AGGRESSIVE;
				CLANG_WARN_UNREACHABLE_CODE = YES;
				CLANG_WARN__DUPLICATE_METHOD_MATCH = YES;
				COPY_PHASE_STRIP = NO;
				DEBUG_INFORMATION_FORMAT = dwarf;
				ENABLE_STRICT_OBJC_MSGSEND = YES;
				ENABLE_TESTABILITY = YES;
				GCC_C_LANGUAGE_STANDARD = gnu11;
				GCC_DYNAMIC_NO_PIC = NO;
				GCC_NO_COMMON_BLOCKS = YES;
				GCC_OPTIMIZATION_LEVEL = 0;
				GCC_PREPROCESSOR_DEFINITIONS = (
					"DEBUG=1",
					"$(inherited)",
				);
				GCC_WARN_64_TO_32_BIT_CONVERSION = YES;
				GCC_WARN_ABOUT_RETURN_TYPE = YES_ERROR;
				GCC_WARN_UNDECLARED_SELECTOR = YES;
				GCC_WARN_UNINITIALIZED_AUTOS = YES_AGGRESSIVE;
				GCC_WARN_UNUSED_FUNCTION = YES;
				GCC_WARN_UNUSED_VARIABLE = YES;
				IPHONEOS_DEPLOYMENT_TARGET = 14.0;
				MTL_ENABLE_DEBUG_INFO = INCLUDE_SOURCE;
				MTL_FAST_MATH = YES;
				ONLY_ACTIVE_ARCH = YES;
				SDKROOT = iphoneos;
				SWIFT_ACTIVE_COMPILATION_CONDITIONS = DEBUG;
				SWIFT_OPTIMIZATION_LEVEL = "-Onone";
			};
			name = Debug;
		};
		49AC1678252A9A0A00897A05 /* Release */ = {
			isa = XCBuildConfiguration;
			buildSettings = {
				ALWAYS_SEARCH_USER_PATHS = NO;
				CLANG_ANALYZER_NONNULL = YES;
				CLANG_ANALYZER_NUMBER_OBJECT_CONVERSION = YES_AGGRESSIVE;
				CLANG_CXX_LANGUAGE_STANDARD = "gnu++14";
				CLANG_CXX_LIBRARY = "libc++";
				CLANG_ENABLE_MODULES = YES;
				CLANG_ENABLE_OBJC_ARC = YES;
				CLANG_ENABLE_OBJC_WEAK = YES;
				CLANG_WARN_BLOCK_CAPTURE_AUTORELEASING = YES;
				CLANG_WARN_BOOL_CONVERSION = YES;
				CLANG_WARN_COMMA = YES;
				CLANG_WARN_CONSTANT_CONVERSION = YES;
				CLANG_WARN_DEPRECATED_OBJC_IMPLEMENTATIONS = YES;
				CLANG_WARN_DIRECT_OBJC_ISA_USAGE = YES_ERROR;
				CLANG_WARN_DOCUMENTATION_COMMENTS = YES;
				CLANG_WARN_EMPTY_BODY = YES;
				CLANG_WARN_ENUM_CONVERSION = YES;
				CLANG_WARN_INFINITE_RECURSION = YES;
				CLANG_WARN_INT_CONVERSION = YES;
				CLANG_WARN_NON_LITERAL_NULL_CONVERSION = YES;
				CLANG_WARN_OBJC_IMPLICIT_RETAIN_SELF = YES;
				CLANG_WARN_OBJC_LITERAL_CONVERSION = YES;
				CLANG_WARN_OBJC_ROOT_CLASS = YES_ERROR;
				CLANG_WARN_QUOTED_INCLUDE_IN_FRAMEWORK_HEADER = YES;
				CLANG_WARN_RANGE_LOOP_ANALYSIS = YES;
				CLANG_WARN_STRICT_PROTOTYPES = YES;
				CLANG_WARN_SUSPICIOUS_MOVE = YES;
				CLANG_WARN_UNGUARDED_AVAILABILITY = YES_AGGRESSIVE;
				CLANG_WARN_UNREACHABLE_CODE = YES;
				CLANG_WARN__DUPLICATE_METHOD_MATCH = YES;
				COPY_PHASE_STRIP = NO;
				DEBUG_INFORMATION_FORMAT = "dwarf-with-dsym";
				ENABLE_NS_ASSERTIONS = NO;
				ENABLE_STRICT_OBJC_MSGSEND = YES;
				GCC_C_LANGUAGE_STANDARD = gnu11;
				GCC_NO_COMMON_BLOCKS = YES;
				GCC_WARN_64_TO_32_BIT_CONVERSION = YES;
				GCC_WARN_ABOUT_RETURN_TYPE = YES_ERROR;
				GCC_WARN_UNDECLARED_SELECTOR = YES;
				GCC_WARN_UNINITIALIZED_AUTOS = YES_AGGRESSIVE;
				GCC_WARN_UNUSED_FUNCTION = YES;
				GCC_WARN_UNUSED_VARIABLE = YES;
				IPHONEOS_DEPLOYMENT_TARGET = 14.0;
				MTL_ENABLE_DEBUG_INFO = NO;
				MTL_FAST_MATH = YES;
				SDKROOT = iphoneos;
				SWIFT_COMPILATION_MODE = wholemodule;
				SWIFT_OPTIMIZATION_LEVEL = "-O";
				VALIDATE_PRODUCT = YES;
			};
			name = Release;
		};
		49AC167A252A9A0A00897A05 /* Debug */ = {
			isa = XCBuildConfiguration;
			buildSettings = {
				ASSETCATALOG_COMPILER_APPICON_NAME = AppIcon;
				ASSETCATALOG_COMPILER_GLOBAL_ACCENT_COLOR_NAME = AccentColor;
				CODE_SIGN_STYLE = Automatic;
				INFOPLIST_FILE = SimpleHttpClient/Info.plist;
				LD_RUNPATH_SEARCH_PATHS = (
					"$(inherited)",
					"@executable_path/Frameworks",
				);
				PRODUCT_BUNDLE_IDENTIFIER = iOSClass.SimpleHttpClient;
				PRODUCT_NAME = "$(TARGET_NAME)";
				SWIFT_VERSION = 5.0;
				TARGETED_DEVICE_FAMILY = "1,2";
			};
			name = Debug;
		};
		49AC167B252A9A0A00897A05 /* Release */ = {
			isa = XCBuildConfiguration;
			buildSettings = {
				ASSETCATALOG_COMPILER_APPICON_NAME = AppIcon;
				ASSETCATALOG_COMPILER_GLOBAL_ACCENT_COLOR_NAME = AccentColor;
				CODE_SIGN_STYLE = Automatic;
				INFOPLIST_FILE = SimpleHttpClient/Info.plist;
				LD_RUNPATH_SEARCH_PATHS = (
					"$(inherited)",
					"@executable_path/Frameworks",
				);
				PRODUCT_BUNDLE_IDENTIFIER = iOSClass.SimpleHttpClient;
				PRODUCT_NAME = "$(TARGET_NAME)";
				SWIFT_VERSION = 5.0;
				TARGETED_DEVICE_FAMILY = "1,2";
			};
			name = Release;
		};
/* End XCBuildConfiguration section */

/* Begin XCConfigurationList section */
		49AC1660252A9A0500897A05 /* Build configuration list for PBXProject "SimpleHttpClient" */ = {
			isa = XCConfigurationList;
			buildConfigurations = (
				49AC1677252A9A0A00897A05 /* Debug */,
				49AC1678252A9A0A00897A05 /* Release */,
			);
			defaultConfigurationIsVisible = 0;
			defaultConfigurationName = Release;
		};
		49AC1679252A9A0A00897A05 /* Build configuration list for PBXNativeTarget "SimpleHttpClient" */ = {
			isa = XCConfigurationList;
			buildConfigurations = (
				49AC167A252A9A0A00897A05 /* Debug */,
				49AC167B252A9A0A00897A05 /* Release */,
			);
			defaultConfigurationIsVisible = 0;
			defaultConfigurationName = Release;
		};
/* End XCConfigurationList section */
	};
	rootObject = 49AC165D252A9A0500897A05 /* Project object */;
}
